
Microsoft Visual Studio Solution File, Format Version 12.00
# Visual Studio Version 17
VisualStudioVersion = 17.0.32014.148
MinimumVisualStudioVersion = 10.0.40219.1
Project("{FAE04EC0-301F-11D3-BF4B-00C04F79EFBC}") = "CV_Webbutveckling", "CV_Webbutveckling\CV_Webbutveckling.csproj", "{28942C49-3FFB-40EC-82D8-B8E94E459534}"
EndProject
Global
	GlobalSection(SolutionConfigurationPlatforms) = preSolution
		Debug|Any CPU = Debug|Any CPU
		Release|Any CPU = Release|Any CPU
	EndGlobalSection
	GlobalSection(ProjectConfigurationPlatforms) = postSolution
		{28942C49-3FFB-40EC-82D8-B8E94E459534}.Debug|Any CPU.ActiveCfg = Debug|Any CPU
		{28942C49-3FFB-40EC-82D8-B8E94E459534}.Debug|Any CPU.Build.0 = Debug|Any CPU
		{28942C49-3FFB-40EC-82D8-B8E94E459534}.Release|Any CPU.ActiveCfg = Release|Any CPU
		{28942C49-3FFB-40EC-82D8-B8E94E459534}.Release|Any CPU.Build.0 = Release|Any CPU
	EndGlobalSection
	GlobalSection(SolutionProperties) = preSolution
		HideSolutionNode = FALSE
	EndGlobalSection
	GlobalSection(ExtensibilityGlobals) = postSolution
		SolutionGuid = {FB69B800-34E8-47BE-8818-8E1252E548B2}
	EndGlobalSection
EndGlobal
